PODS:
  - MarkdownKit (1.2)
  - SwipeCellKit (1.9.0)

DEPENDENCIES:
  - MarkdownKit
  - SwipeCellKit

SPEC CHECKSUMS:
  MarkdownKit: 5ff9659d414f9a677b62667f4507766369d32129
  SwipeCellKit: 893661973276ae3512a84ac0a47055923b10731e

PODFILE CHECKSUM: 710c36f558a8ee8aac9e3cfefe39676781f61e33

COCOAPODS: 1.2.1
